
Microsoft Visual Studio Solution File, Format Version 12.00
# Visual Studio Version 17
VisualStudioVersion = 17.7.34031.279
MinimumVisualStudioVersion = 10.0.40219.1
Project("{9A19103F-16F7-4668-BE54-9A1E7A4F7556}") = "SOD.QualityOfLife", "Mods\SOD.QualityOfLife\SOD.QualityOfLife.csproj", "{20529558-CA28-4AB9-B48C-7DA106D94DC2}"
EndProject
Project("{9A19103F-16F7-4668-BE54-9A1E7A4F7556}") = "SOD.Common", "SOD.Common\SOD.Common.csproj", "{80423AFE-CCF4-40A4-8177-1F40EA92AF3B}"
EndProject
Project("{2150E333-8FDC-42A3-9474-1A3956D46DE8}") = "Mods", "Mods", "{E42A1F57-30D2-46D5-AE03-7E1675524E39}"
EndProject
Project("{2150E333-8FDC-42A3-9474-1A3956D46DE8}") = "Common", "Common", "{41E97C5C-35C5-42C6-9417-8CE5C9281FE7}"
EndProject
Project("{2150E333-8FDC-42A3-9474-1A3956D46DE8}") = "Deployment", "Deployment", "{D6470792-AB41-40B1-B029-4E67A5D91F1C}"
EndProject
Project("{FAE04EC0-301F-11D3-BF4B-00C04F79EFBC}") = "Builder", "Builder\Builder.csproj", "{093E8556-E4D7-44C9-B428-E80BCAE8BCBC}"
EndProject
Global
	GlobalSection(SolutionConfigurationPlatforms) = preSolution
		Debug|Any CPU = Debug|Any CPU
		Release|Any CPU = Release|Any CPU
	EndGlobalSection
	GlobalSection(ProjectConfigurationPlatforms) = postSolution
		{20529558-CA28-4AB9-B48C-7DA106D94DC2}.Debug|Any CPU.ActiveCfg = Debug|Any CPU
		{20529558-CA28-4AB9-B48C-7DA106D94DC2}.Debug|Any CPU.Build.0 = Debug|Any CPU
		{20529558-CA28-4AB9-B48C-7DA106D94DC2}.Release|Any CPU.ActiveCfg = Release|Any CPU
		{20529558-CA28-4AB9-B48C-7DA106D94DC2}.Release|Any CPU.Build.0 = Release|Any CPU
		{80423AFE-CCF4-40A4-8177-1F40EA92AF3B}.Debug|Any CPU.ActiveCfg = Debug|Any CPU
		{80423AFE-CCF4-40A4-8177-1F40EA92AF3B}.Debug|Any CPU.Build.0 = Debug|Any CPU
		{80423AFE-CCF4-40A4-8177-1F40EA92AF3B}.Release|Any CPU.ActiveCfg = Release|Any CPU
		{80423AFE-CCF4-40A4-8177-1F40EA92AF3B}.Release|Any CPU.Build.0 = Release|Any CPU
		{093E8556-E4D7-44C9-B428-E80BCAE8BCBC}.Debug|Any CPU.ActiveCfg = Debug|Any CPU
		{093E8556-E4D7-44C9-B428-E80BCAE8BCBC}.Debug|Any CPU.Build.0 = Debug|Any CPU
		{093E8556-E4D7-44C9-B428-E80BCAE8BCBC}.Release|Any CPU.ActiveCfg = Release|Any CPU
		{093E8556-E4D7-44C9-B428-E80BCAE8BCBC}.Release|Any CPU.Build.0 = Release|Any CPU
	EndGlobalSection
	GlobalSection(SolutionProperties) = preSolution
		HideSolutionNode = FALSE
	EndGlobalSection
	GlobalSection(NestedProjects) = preSolution
		{20529558-CA28-4AB9-B48C-7DA106D94DC2} = {E42A1F57-30D2-46D5-AE03-7E1675524E39}
		{80423AFE-CCF4-40A4-8177-1F40EA92AF3B} = {41E97C5C-35C5-42C6-9417-8CE5C9281FE7}
		{093E8556-E4D7-44C9-B428-E80BCAE8BCBC} = {D6470792-AB41-40B1-B029-4E67A5D91F1C}
	EndGlobalSection
	GlobalSection(ExtensibilityGlobals) = postSolution
		SolutionGuid = {92CC1827-8FE6-4E8C-8518-DE8D0EAEE515}
	EndGlobalSection
EndGlobal
