
Microsoft Visual Studio Solution File, Format Version 12.00
# Visual Studio Version 17
VisualStudioVersion = 17.7.34031.279
MinimumVisualStudioVersion = 10.0.40219.1
Project("{9A19103F-16F7-4668-BE54-9A1E7A4F7556}") = "SOD.QoL", "Mods\SOD.QoL\SOD.QoL.csproj", "{20529558-CA28-4AB9-B48C-7DA106D94DC2}"
EndProject
Project("{9A19103F-16F7-4668-BE54-9A1E7A4F7556}") = "SOD.StockMarket", "Mods\SOD.StockMarket\SOD.StockMarket.csproj", "{A66BBA46-687F-4C68-B5D3-94A00C75E285}"
EndProject
Project("{9A19103F-16F7-4668-BE54-9A1E7A4F7556}") = "SOD.LifeAndLiving", "Mods\SOD.LifeAndLiving\SOD.LifeAndLiving.csproj", "{5561EAD8-83CE-4726-93DD-6D4A61499039}"
EndProject
Project("{9A19103F-16F7-4668-BE54-9A1E7A4F7556}") = "SOD.Common", "SOD.Common\SOD.Common.csproj", "{80423AFE-CCF4-40A4-8177-1F40EA92AF3B}"
EndProject
Project("{2150E333-8FDC-42A3-9474-1A3956D46DE8}") = "Mods", "Mods", "{E42A1F57-30D2-46D5-AE03-7E1675524E39}"
EndProject
Project("{2150E333-8FDC-42A3-9474-1A3956D46DE8}") = "Common", "Common", "{41E97C5C-35C5-42C6-9417-8CE5C9281FE7}"
EndProject
Project("{2150E333-8FDC-42A3-9474-1A3956D46DE8}") = "Deployment", "Deployment", "{D6470792-AB41-40B1-B029-4E67A5D91F1C}"
EndProject
Project("{9A19103F-16F7-4668-BE54-9A1E7A4F7556}") = "Builder", "Builder\Builder.csproj", "{093E8556-E4D7-44C9-B428-E80BCAE8BCBC}"
EndProject
Project("{2150E333-8FDC-42A3-9474-1A3956D46DE8}") = "Solution Items", "Solution Items", "{9DDC8030-DC15-408A-A108-961B93D2F8AD}"
	ProjectSection(SolutionItems) = preProject
		.editorconfig = .editorconfig
	EndProjectSection
EndProject
Project("{9A19103F-16F7-4668-BE54-9A1E7A4F7556}") = "SOD.LethalActionReborn", "Mods\SOD.LethalActionReborn\SOD.LethalActionReborn.csproj", "{97ECAA26-E721-407C-8C08-A38DA65B4766}"
EndProject
Project("{9A19103F-16F7-4668-BE54-9A1E7A4F7556}") = "SOD.RelationsPlus", "Mods\SOD.RelationsPlus\SOD.RelationsPlus.csproj", "{CEA1F0B1-F666-4B91-A679-526DDDE967F4}"
EndProject
Project("{FAE04EC0-301F-11D3-BF4B-00C04F79EFBC}") = "SOD.ThreatOverhaul", "Mods\SOD.ThreatOverhaul\SOD.ThreatOverhaul.csproj", "{FBA35B28-46D5-43A0-8CE4-D5F74BA3EEE8}"
EndProject
Project("{FAE04EC0-301F-11D3-BF4B-00C04F79EFBC}") = "SOD.CourierJobs", "Mods\SOD.CourierJobs\SOD.CourierJobs.csproj", "{A7FBD89B-59E4-4ED6-A513-E4A08C5C20C5}"
EndProject
Global
	GlobalSection(SolutionConfigurationPlatforms) = preSolution
		Debug|Any CPU = Debug|Any CPU
		Release|Any CPU = Release|Any CPU
	EndGlobalSection
	GlobalSection(ProjectConfigurationPlatforms) = postSolution
		{20529558-CA28-4AB9-B48C-7DA106D94DC2}.Debug|Any CPU.ActiveCfg = Debug|Any CPU
		{20529558-CA28-4AB9-B48C-7DA106D94DC2}.Debug|Any CPU.Build.0 = Debug|Any CPU
		{20529558-CA28-4AB9-B48C-7DA106D94DC2}.Release|Any CPU.ActiveCfg = Release|Any CPU
		{20529558-CA28-4AB9-B48C-7DA106D94DC2}.Release|Any CPU.Build.0 = Release|Any CPU
		{A66BBA46-687F-4C68-B5D3-94A00C75E285}.Debug|Any CPU.ActiveCfg = Debug|Any CPU
		{A66BBA46-687F-4C68-B5D3-94A00C75E285}.Debug|Any CPU.Build.0 = Debug|Any CPU
		{A66BBA46-687F-4C68-B5D3-94A00C75E285}.Release|Any CPU.ActiveCfg = Release|Any CPU
		{A66BBA46-687F-4C68-B5D3-94A00C75E285}.Release|Any CPU.Build.0 = Release|Any CPU
		{5561EAD8-83CE-4726-93DD-6D4A61499039}.Debug|Any CPU.ActiveCfg = Debug|Any CPU
		{5561EAD8-83CE-4726-93DD-6D4A61499039}.Debug|Any CPU.Build.0 = Debug|Any CPU
		{5561EAD8-83CE-4726-93DD-6D4A61499039}.Release|Any CPU.ActiveCfg = Release|Any CPU
		{5561EAD8-83CE-4726-93DD-6D4A61499039}.Release|Any CPU.Build.0 = Release|Any CPU
		{80423AFE-CCF4-40A4-8177-1F40EA92AF3B}.Debug|Any CPU.ActiveCfg = Debug|Any CPU
		{80423AFE-CCF4-40A4-8177-1F40EA92AF3B}.Debug|Any CPU.Build.0 = Debug|Any CPU
		{80423AFE-CCF4-40A4-8177-1F40EA92AF3B}.Release|Any CPU.ActiveCfg = Release|Any CPU
		{80423AFE-CCF4-40A4-8177-1F40EA92AF3B}.Release|Any CPU.Build.0 = Release|Any CPU
		{093E8556-E4D7-44C9-B428-E80BCAE8BCBC}.Debug|Any CPU.ActiveCfg = Debug|Any CPU
		{093E8556-E4D7-44C9-B428-E80BCAE8BCBC}.Debug|Any CPU.Build.0 = Debug|Any CPU
		{093E8556-E4D7-44C9-B428-E80BCAE8BCBC}.Release|Any CPU.ActiveCfg = Release|Any CPU
		{093E8556-E4D7-44C9-B428-E80BCAE8BCBC}.Release|Any CPU.Build.0 = Release|Any CPU
		{97ECAA26-E721-407C-8C08-A38DA65B4766}.Debug|Any CPU.ActiveCfg = Debug|Any CPU
		{97ECAA26-E721-407C-8C08-A38DA65B4766}.Debug|Any CPU.Build.0 = Debug|Any CPU
		{97ECAA26-E721-407C-8C08-A38DA65B4766}.Release|Any CPU.ActiveCfg = Release|Any CPU
		{97ECAA26-E721-407C-8C08-A38DA65B4766}.Release|Any CPU.Build.0 = Release|Any CPU
		{CEA1F0B1-F666-4B91-A679-526DDDE967F4}.Debug|Any CPU.ActiveCfg = Debug|Any CPU
		{CEA1F0B1-F666-4B91-A679-526DDDE967F4}.Debug|Any CPU.Build.0 = Debug|Any CPU
		{CEA1F0B1-F666-4B91-A679-526DDDE967F4}.Release|Any CPU.ActiveCfg = Release|Any CPU
		{CEA1F0B1-F666-4B91-A679-526DDDE967F4}.Release|Any CPU.Build.0 = Release|Any CPU
		{FBA35B28-46D5-43A0-8CE4-D5F74BA3EEE8}.Debug|Any CPU.ActiveCfg = Debug|Any CPU
		{FBA35B28-46D5-43A0-8CE4-D5F74BA3EEE8}.Debug|Any CPU.Build.0 = Debug|Any CPU
		{FBA35B28-46D5-43A0-8CE4-D5F74BA3EEE8}.Release|Any CPU.ActiveCfg = Release|Any CPU
		{FBA35B28-46D5-43A0-8CE4-D5F74BA3EEE8}.Release|Any CPU.Build.0 = Release|Any CPU
		{A7FBD89B-59E4-4ED6-A513-E4A08C5C20C5}.Debug|Any CPU.ActiveCfg = Debug|Any CPU
		{A7FBD89B-59E4-4ED6-A513-E4A08C5C20C5}.Debug|Any CPU.Build.0 = Debug|Any CPU
		{A7FBD89B-59E4-4ED6-A513-E4A08C5C20C5}.Release|Any CPU.ActiveCfg = Release|Any CPU
		{A7FBD89B-59E4-4ED6-A513-E4A08C5C20C5}.Release|Any CPU.Build.0 = Release|Any CPU
	EndGlobalSection
	GlobalSection(SolutionProperties) = preSolution
		HideSolutionNode = FALSE
	EndGlobalSection
	GlobalSection(NestedProjects) = preSolution
		{20529558-CA28-4AB9-B48C-7DA106D94DC2} = {E42A1F57-30D2-46D5-AE03-7E1675524E39}
		{A66BBA46-687F-4C68-B5D3-94A00C75E285} = {E42A1F57-30D2-46D5-AE03-7E1675524E39}
		{5561EAD8-83CE-4726-93DD-6D4A61499039} = {E42A1F57-30D2-46D5-AE03-7E1675524E39}
		{80423AFE-CCF4-40A4-8177-1F40EA92AF3B} = {41E97C5C-35C5-42C6-9417-8CE5C9281FE7}
		{093E8556-E4D7-44C9-B428-E80BCAE8BCBC} = {D6470792-AB41-40B1-B029-4E67A5D91F1C}
		{97ECAA26-E721-407C-8C08-A38DA65B4766} = {E42A1F57-30D2-46D5-AE03-7E1675524E39}
		{CEA1F0B1-F666-4B91-A679-526DDDE967F4} = {E42A1F57-30D2-46D5-AE03-7E1675524E39}
		{FBA35B28-46D5-43A0-8CE4-D5F74BA3EEE8} = {E42A1F57-30D2-46D5-AE03-7E1675524E39}
		{A7FBD89B-59E4-4ED6-A513-E4A08C5C20C5} = {E42A1F57-30D2-46D5-AE03-7E1675524E39}
	EndGlobalSection
	GlobalSection(ExtensibilityGlobals) = postSolution
		SolutionGuid = {92CC1827-8FE6-4E8C-8518-DE8D0EAEE515}
	EndGlobalSection
EndGlobal
